
Microsoft Visual Studio Solution File, Format Version 12.00
# Visual Studio Version 16
VisualStudioVersion = 16.0.30907.101
MinimumVisualStudioVersion = 10.0.40219.1
Project("{FAE04EC0-301F-11D3-BF4B-00C04F79EFBC}") = "RestApi", "RestApi\RestApi.csproj", "{C175F50D-0D58-42D9-B699-372C0187AEE8}"
EndProject
Global
	GlobalSection(SolutionConfigurationPlatforms) = preSolution
		Debug|Any CPU = Debug|Any CPU
		Release|Any CPU = Release|Any CPU
	EndGlobalSection
	GlobalSection(ProjectConfigurationPlatforms) = postSolution
		{C175F50D-0D58-42D9-B699-372C0187AEE8}.Debug|Any CPU.ActiveCfg = Debug|Any CPU
		{C175F50D-0D58-42D9-B699-372C0187AEE8}.Debug|Any CPU.Build.0 = Debug|Any CPU
		{C175F50D-0D58-42D9-B699-372C0187AEE8}.Release|Any CPU.ActiveCfg = Release|Any CPU
		{C175F50D-0D58-42D9-B699-372C0187AEE8}.Release|Any CPU.Build.0 = Release|Any CPU
	EndGlobalSection
	GlobalSection(SolutionProperties) = preSolution
		HideSolutionNode = FALSE
	EndGlobalSection
	GlobalSection(ExtensibilityGlobals) = postSolution
		SolutionGuid = {31EC8918-D3B5-419F-A4F8-463C2E8C1826}
	EndGlobalSection
EndGlobal
